
Microsoft Visual Studio Solution File, Format Version 12.00
# Visual Studio Version 16
VisualStudioVersion = 16.0.31005.135
MinimumVisualStudioVersion = 10.0.40219.1
Project("{FAE04EC0-301F-11D3-BF4B-00C04F79EFBC}") = "MaplestoryTodo", "src\MaplestoryTodo\MaplestoryTodo.csproj", "{70CECA03-D200-4E0B-A06A-EF838D402A60}"
EndProject
Project("{FAE04EC0-301F-11D3-BF4B-00C04F79EFBC}") = "MaplestoryTodo.Core", "src\MaplestoryTodo.Core\MaplestoryTodo.Core.csproj", "{DC929FC6-CA9F-4498-81AD-CDA1E8E1D8F3}"
EndProject
Global
	GlobalSection(SolutionConfigurationPlatforms) = preSolution
		Debug|Any CPU = Debug|Any CPU
		Release|Any CPU = Release|Any CPU
	EndGlobalSection
	GlobalSection(ProjectConfigurationPlatforms) = postSolution
		{70CECA03-D200-4E0B-A06A-EF838D402A60}.Debug|Any CPU.ActiveCfg = Debug|Any CPU
		{70CECA03-D200-4E0B-A06A-EF838D402A60}.Debug|Any CPU.Build.0 = Debug|Any CPU
		{70CECA03-D200-4E0B-A06A-EF838D402A60}.Release|Any CPU.ActiveCfg = Release|Any CPU
		{70CECA03-D200-4E0B-A06A-EF838D402A60}.Release|Any CPU.Build.0 = Release|Any CPU
		{DC929FC6-CA9F-4498-81AD-CDA1E8E1D8F3}.Debug|Any CPU.ActiveCfg = Debug|Any CPU
		{DC929FC6-CA9F-4498-81AD-CDA1E8E1D8F3}.Debug|Any CPU.Build.0 = Debug|Any CPU
		{DC929FC6-CA9F-4498-81AD-CDA1E8E1D8F3}.Release|Any CPU.ActiveCfg = Release|Any CPU
		{DC929FC6-CA9F-4498-81AD-CDA1E8E1D8F3}.Release|Any CPU.Build.0 = Release|Any CPU
	EndGlobalSection
	GlobalSection(SolutionProperties) = preSolution
		HideSolutionNode = FALSE
	EndGlobalSection
	GlobalSection(ExtensibilityGlobals) = postSolution
		SolutionGuid = {26FA0A99-54A2-4827-AB69-37DBB1662731}
	EndGlobalSection
EndGlobal
